
Microsoft Visual Studio Solution File, Format Version 12.00
# Visual Studio Version 16
VisualStudioVersion = 16.0.33529.622
MinimumVisualStudioVersion = 10.0.40219.1
Project("{FAE04EC0-301F-11D3-BF4B-00C04F79EFBC}") = "UnitTestProject", "UnitTestProject\UnitTestProject.csproj", "{83CED9CD-6CEF-4A1F-85B7-48FCE89E4826}"
EndProject
Project("{FAE04EC0-301F-11D3-BF4B-00C04F79EFBC}") = "FonctionPartie2", "FonctionPartie2\FonctionPartie2.csproj", "{463728BB-AD86-4F2D-8801-12958617B15F}"
EndProject
Global
	GlobalSection(SolutionConfigurationPlatforms) = preSolution
		Debug|Any CPU = Debug|Any CPU
		Release|Any CPU = Release|Any CPU
	EndGlobalSection
	GlobalSection(ProjectConfigurationPlatforms) = postSolution
		{83CED9CD-6CEF-4A1F-85B7-48FCE89E4826}.Debug|Any CPU.ActiveCfg = Debug|Any CPU
		{83CED9CD-6CEF-4A1F-85B7-48FCE89E4826}.Debug|Any CPU.Build.0 = Debug|Any CPU
		{83CED9CD-6CEF-4A1F-85B7-48FCE89E4826}.Release|Any CPU.ActiveCfg = Release|Any CPU
		{83CED9CD-6CEF-4A1F-85B7-48FCE89E4826}.Release|Any CPU.Build.0 = Release|Any CPU
		{463728BB-AD86-4F2D-8801-12958617B15F}.Debug|Any CPU.ActiveCfg = Debug|Any CPU
		{463728BB-AD86-4F2D-8801-12958617B15F}.Debug|Any CPU.Build.0 = Debug|Any CPU
		{463728BB-AD86-4F2D-8801-12958617B15F}.Release|Any CPU.ActiveCfg = Release|Any CPU
		{463728BB-AD86-4F2D-8801-12958617B15F}.Release|Any CPU.Build.0 = Release|Any CPU
	EndGlobalSection
	GlobalSection(SolutionProperties) = preSolution
		HideSolutionNode = FALSE
	EndGlobalSection
	GlobalSection(ExtensibilityGlobals) = postSolution
		SolutionGuid = {B25D3188-770C-497A-B1C8-DAB7052C1B29}
	EndGlobalSection
EndGlobal
